// !$*UTF8*$!
{
	archiveVersion = 1;
	classes = {
	};
	objectVersion = 46;
	objects = {

/* Begin PBXBuildFile section */
		7F3484A0194541EE00AA004E /* CANChain.m in Sources */ = {isa = PBXBuildFile; fileRef = 7F34849F194541EE00AA004E /* CANChain.m */; };
		7F64B3E71941D7DF00CF2BA3 /* Foundation.framework in Frameworks */ = {isa = PBXBuildFile; fileRef = 7F64B3E61941D7DF00CF2BA3 /* Foundation.framework */; };
		7F64B3E91941D7DF00CF2BA3 /* CoreGraphics.framework in Frameworks */ = {isa = PBXBuildFile; fileRef = 7F64B3E81941D7DF00CF2BA3 /* CoreGraphics.framework */; };
		7F64B3EB1941D7DF00CF2BA3 /* UIKit.framework in Frameworks */ = {isa = PBXBuildFile; fileRef = 7F64B3EA1941D7DF00CF2BA3 /* UIKit.framework */; };
		7F64B3F11941D7DF00CF2BA3 /* InfoPlist.strings in Resources */ = {isa = PBXBuildFile; fileRef = 7F64B3EF1941D7DF00CF2BA3 /* InfoPlist.strings */; };
		7F64B3F31941D7DF00CF2BA3 /* main.m in Sources */ = {isa = PBXBuildFile; fileRef = 7F64B3F21941D7DF00CF2BA3 /* main.m */; };
		7F64B3F71941D7DF00CF2BA3 /* CANAppDelegate.m in Sources */ = {isa = PBXBuildFile; fileRef = 7F64B3F61941D7DF00CF2BA3 /* CANAppDelegate.m */; };
		7F64B3FA1941D7DF00CF2BA3 /* Main.storyboard in Resources */ = {isa = PBXBuildFile; fileRef = 7F64B3F81941D7DF00CF2BA3 /* Main.storyboard */; };
		7F64B3FD1941D7DF00CF2BA3 /* CANViewController.m in Sources */ = {isa = PBXBuildFile; fileRef = 7F64B3FC1941D7DF00CF2BA3 /* CANViewController.m */; };
		7F64B3FF1941D7DF00CF2BA3 /* Images.xcassets in Resources */ = {isa = PBXBuildFile; fileRef = 7F64B3FE1941D7DF00CF2BA3 /* Images.xcassets */; };
		7F64B4061941D7DF00CF2BA3 /* XCTest.framework in Frameworks */ = {isa = PBXBuildFile; fileRef = 7F64B4051941D7DF00CF2BA3 /* XCTest.framework */; };
		7F64B4071941D7DF00CF2BA3 /* Foundation.framework in Frameworks */ = {isa = PBXBuildFile; fileRef = 7F64B3E61941D7DF00CF2BA3 /* Foundation.framework */; };
		7F64B4081941D7DF00CF2BA3 /* UIKit.framework in Frameworks */ = {isa = PBXBuildFile; fileRef = 7F64B3EA1941D7DF00CF2BA3 /* UIKit.framework */; };
		7F64B4101941D7DF00CF2BA3 /* InfoPlist.strings in Resources */ = {isa = PBXBuildFile; fileRef = 7F64B40E1941D7DF00CF2BA3 /* InfoPlist.strings */; };
		7F64B4121941D7DF00CF2BA3 /* ChainsTests.m in Sources */ = {isa = PBXBuildFile; fileRef = 7F64B4111941D7DF00CF2BA3 /* ChainsTests.m */; };
		7F64B41E1941D80500CF2BA3 /* CANAnimation.m in Sources */ = {isa = PBXBuildFile; fileRef = 7F64B41D1941D80500CF2BA3 /* CANAnimation.m */; };
/* End PBXBuildFile section */

/* Begin PBXContainerItemProxy section */
		7F64B4091941D7DF00CF2BA3 /* PBXContainerItemProxy */ = {
			isa = PBXContainerItemProxy;
			containerPortal = 7F64B3DB1941D7DF00CF2BA3 /* Project object */;
			proxyType = 1;
			remoteGlobalIDString = 7F64B3E21941D7DF00CF2BA3;
			remoteInfo = Chains;
		};
/* End PBXContainerItemProxy section */

/* Begin PBXFileReference section */
		7F34849E194541EE00AA004E /* CANChain.h */ = {isa = PBXFileReference; fileEncoding = 4; lastKnownFileType = sourcecode.c.h; path = CANChain.h; sourceTree = "<group>"; };
		7F34849F194541EE00AA004E /* CANChain.m */ = {isa = PBXFileReference; fileEncoding = 4; lastKnownFileType = sourcecode.c.objc; path = CANChain.m; sourceTree = "<group>"; };
		7F64B3E31941D7DF00CF2BA3 /* Chains.app */ = {isa = PBXFileReference; explicitFileType = wrapper.application; includeInIndex = 0; path = Chains.app; sourceTree = BUILT_PRODUCTS_DIR; };
		7F64B3E61941D7DF00CF2BA3 /* Foundation.framework */ = {isa = PBXFileReference; lastKnownFileType = wrapper.framework; name = Foundation.framework; path = System/Library/Frameworks/Foundation.framework; sourceTree = SDKROOT; };
		7F64B3E81941D7DF00CF2BA3 /* CoreGraphics.framework */ = {isa = PBXFileReference; lastKnownFileType = wrapper.framework; name = CoreGraphics.framework; path = System/Library/Frameworks/CoreGraphics.framework; sourceTree = SDKROOT; };
		7F64B3EA1941D7DF00CF2BA3 /* UIKit.framework */ = {isa = PBXFileReference; lastKnownFileType = wrapper.framework; name = UIKit.framework; path = System/Library/Frameworks/UIKit.framework; sourceTree = SDKROOT; };
		7F64B3EE1941D7DF00CF2BA3 /* Chains-Info.plist */ = {isa = PBXFileReference; lastKnownFileType = text.plist.xml; path = "Chains-Info.plist"; sourceTree = "<group>"; };
		7F64B3F01941D7DF00CF2BA3 /* en */ = {isa = PBXFileReference; lastKnownFileType = text.plist.strings; name = en; path = en.lproj/InfoPlist.strings; sourceTree = "<group>"; };
		7F64B3F21941D7DF00CF2BA3 /* main.m */ = {isa = PBXFileReference; lastKnownFileType = sourcecode.c.objc; path = main.m; sourceTree = "<group>"; };
		7F64B3F41941D7DF00CF2BA3 /* Chains-Prefix.pch */ = {isa = PBXFileReference; lastKnownFileType = sourcecode.c.h; path = "Chains-Prefix.pch"; sourceTree = "<group>"; };
		7F64B3F51941D7DF00CF2BA3 /* CANAppDelegate.h */ = {isa = PBXFileReference; lastKnownFileType = sourcecode.c.h; path = CANAppDelegate.h; sourceTree = "<group>"; };
		7F64B3F61941D7DF00CF2BA3 /* CANAppDelegate.m */ = {isa = PBXFileReference; lastKnownFileType = sourcecode.c.objc; path = CANAppDelegate.m; sourceTree = "<group>"; };
		7F64B3F91941D7DF00CF2BA3 /* Base */ = {isa = PBXFileReference; lastKnownFileType = file.storyboard; name = Base; path = Base.lproj/Main.storyboard; sourceTree = "<group>"; };
		7F64B3FB1941D7DF00CF2BA3 /* CANViewController.h */ = {isa = PBXFileReference; lastKnownFileType = sourcecode.c.h; path = CANViewController.h; sourceTree = "<group>"; };
		7F64B3FC1941D7DF00CF2BA3 /* CANViewController.m */ = {isa = PBXFileReference; lastKnownFileType = sourcecode.c.objc; path = CANViewController.m; sourceTree = "<group>"; };
		7F64B3FE1941D7DF00CF2BA3 /* Images.xcassets */ = {isa = PBXFileReference; lastKnownFileType = folder.assetcatalog; path = Images.xcassets; sourceTree = "<group>"; };
		7F64B4041941D7DF00CF2BA3 /* ChainsTests.xctest */ = {isa = PBXFileReference; explicitFileType = wrapper.cfbundle; includeInIndex = 0; path = ChainsTests.xctest; sourceTree = BUILT_PRODUCTS_DIR; };
		7F64B4051941D7DF00CF2BA3 /* XCTest.framework */ = {isa = PBXFileReference; lastKnownFileType = wrapper.framework; name = XCTest.framework; path = Library/Frameworks/XCTest.framework; sourceTree = DEVELOPER_DIR; };
		7F64B40D1941D7DF00CF2BA3 /* ChainsTests-Info.plist */ = {isa = PBXFileReference; lastKnownFileType = text.plist.xml; path = "ChainsTests-Info.plist"; sourceTree = "<group>"; };
		7F64B40F1941D7DF00CF2BA3 /* en */ = {isa = PBXFileReference; lastKnownFileType = text.plist.strings; name = en; path = en.lproj/InfoPlist.strings; sourceTree = "<group>"; };
		7F64B4111941D7DF00CF2BA3 /* ChainsTests.m */ = {isa = PBXFileReference; lastKnownFileType = sourcecode.c.objc; path = ChainsTests.m; sourceTree = "<group>"; };
		7F64B41C1941D80500CF2BA3 /* CANAnimation.h */ = {isa = PBXFileReference; fileEncoding = 4; lastKnownFileType = sourcecode.c.h; path = CANAnimation.h; sourceTree = "<group>"; };
		7F64B41D1941D80500CF2BA3 /* CANAnimation.m */ = {isa = PBXFileReference; fileEncoding = 4; lastKnownFileType = sourcecode.c.objc; path = CANAnimation.m; sourceTree = "<group>"; };
/* End PBXFileReference section */

/* Begin PBXFrameworksBuildPhase section */
		7F64B3E01941D7DF00CF2BA3 /* Frameworks */ = {
			isa = PBXFrameworksBuildPhase;
			buildActionMask = 2147483647;
			files = (
				7F64B3E91941D7DF00CF2BA3 /* CoreGraphics.framework in Frameworks */,
				7F64B3EB1941D7DF00CF2BA3 /* UIKit.framework in Frameworks */,
				7F64B3E71941D7DF00CF2BA3 /* Foundation.framework in Frameworks */,
			);
			runOnlyForDeploymentPostprocessing = 0;
		};
		7F64B4011941D7DF00CF2BA3 /* Frameworks */ = {
			isa = PBXFrameworksBuildPhase;
			buildActionMask = 2147483647;
			files = (
				7F64B4061941D7DF00CF2BA3 /* XCTest.framework in Frameworks */,
				7F64B4081941D7DF00CF2BA3 /* UIKit.framework in Frameworks */,
				7F64B4071941D7DF00CF2BA3 /* Foundation.framework in Frameworks */,
			);
			runOnlyForDeploymentPostprocessing = 0;
		};
/* End PBXFrameworksBuildPhase section */

/* Begin PBXGroup section */
		7F64B3DA1941D7DF00CF2BA3 = {
			isa = PBXGroup;
			children = (
				7F64B41B1941D7E800CF2BA3 /* Classes */,
				7F64B3EC1941D7DF00CF2BA3 /* Chains */,
				7F64B40B1941D7DF00CF2BA3 /* ChainsTests */,
				7F64B3E51941D7DF00CF2BA3 /* Frameworks */,
				7F64B3E41941D7DF00CF2BA3 /* Products */,
			);
			sourceTree = "<group>";
		};
		7F64B3E41941D7DF00CF2BA3 /* Products */ = {
			isa = PBXGroup;
			children = (
				7F64B3E31941D7DF00CF2BA3 /* Chains.app */,
				7F64B4041941D7DF00CF2BA3 /* ChainsTests.xctest */,
			);
			name = Products;
			sourceTree = "<group>";
		};
		7F64B3E51941D7DF00CF2BA3 /* Frameworks */ = {
			isa = PBXGroup;
			children = (
				7F64B3E61941D7DF00CF2BA3 /* Foundation.framework */,
				7F64B3E81941D7DF00CF2BA3 /* CoreGraphics.framework */,
				7F64B3EA1941D7DF00CF2BA3 /* UIKit.framework */,
				7F64B4051941D7DF00CF2BA3 /* XCTest.framework */,
			);
			name = Frameworks;
			sourceTree = "<group>";
		};
		7F64B3EC1941D7DF00CF2BA3 /* Chains */ = {
			isa = PBXGroup;
			children = (
				7F64B3F51941D7DF00CF2BA3 /* CANAppDelegate.h */,
				7F64B3F61941D7DF00CF2BA3 /* CANAppDelegate.m */,
				7F64B3F81941D7DF00CF2BA3 /* Main.storyboard */,
				7F64B3FB1941D7DF00CF2BA3 /* CANViewController.h */,
				7F64B3FC1941D7DF00CF2BA3 /* CANViewController.m */,
				7F64B3FE1941D7DF00CF2BA3 /* Images.xcassets */,
				7F64B3ED1941D7DF00CF2BA3 /* Supporting Files */,
			);
			path = Chains;
			sourceTree = "<group>";
		};
		7F64B3ED1941D7DF00CF2BA3 /* Supporting Files */ = {
			isa = PBXGroup;
			children = (
				7F64B3EE1941D7DF00CF2BA3 /* Chains-Info.plist */,
				7F64B3EF1941D7DF00CF2BA3 /* InfoPlist.strings */,
				7F64B3F21941D7DF00CF2BA3 /* main.m */,
				7F64B3F41941D7DF00CF2BA3 /* Chains-Prefix.pch */,
			);
			name = "Supporting Files";
			sourceTree = "<group>";
		};
		7F64B40B1941D7DF00CF2BA3 /* ChainsTests */ = {
			isa = PBXGroup;
			children = (
				7F64B4111941D7DF00CF2BA3 /* ChainsTests.m */,
				7F64B40C1941D7DF00CF2BA3 /* Supporting Files */,
			);
			path = ChainsTests;
			sourceTree = "<group>";
		};
		7F64B40C1941D7DF00CF2BA3 /* Supporting Files */ = {
			isa = PBXGroup;
			children = (
				7F64B40D1941D7DF00CF2BA3 /* ChainsTests-Info.plist */,
				7F64B40E1941D7DF00CF2BA3 /* InfoPlist.strings */,
			);
			name = "Supporting Files";
			sourceTree = "<group>";
		};
		7F64B41B1941D7E800CF2BA3 /* Classes */ = {
			isa = PBXGroup;
			children = (
				7F34849E194541EE00AA004E /* CANChain.h */,
				7F34849F194541EE00AA004E /* CANChain.m */,
				7F64B41C1941D80500CF2BA3 /* CANAnimation.h */,
				7F64B41D1941D80500CF2BA3 /* CANAnimation.m */,
			);
			path = Classes;
			sourceTree = "<group>";
		};
/* End PBXGroup section */

/* Begin PBXNativeTarget section */
		7F64B3E21941D7DF00CF2BA3 /* Chains */ = {
			isa = PBXNativeTarget;
			buildConfigurationList = 7F64B4151941D7DF00CF2BA3 /* Build configuration list for PBXNativeTarget "Chains" */;
			buildPhases = (
				7F64B3DF1941D7DF00CF2BA3 /* Sources */,
				7F64B3E01941D7DF00CF2BA3 /* Frameworks */,
				7F64B3E11941D7DF00CF2BA3 /* Resources */,
			);
			buildRules = (
			);
			dependencies = (
			);
			name = Chains;
			productName = Chains;
			productReference = 7F64B3E31941D7DF00CF2BA3 /* Chains.app */;
			productType = "com.apple.product-type.application";
		};
		7F64B4031941D7DF00CF2BA3 /* ChainsTests */ = {
			isa = PBXNativeTarget;
			buildConfigurationList = 7F64B4181941D7DF00CF2BA3 /* Build configuration list for PBXNativeTarget "ChainsTests" */;
			buildPhases = (
				7F64B4001941D7DF00CF2BA3 /* Sources */,
				7F64B4011941D7DF00CF2BA3 /* Frameworks */,
				7F64B4021941D7DF00CF2BA3 /* Resources */,
			);
			buildRules = (
			);
			dependencies = (
				7F64B40A1941D7DF00CF2BA3 /* PBXTargetDependency */,
			);
			name = ChainsTests;
			productName = ChainsTests;
			productReference = 7F64B4041941D7DF00CF2BA3 /* ChainsTests.xctest */;
			productType = "com.apple.product-type.bundle.unit-test";
		};
/* End PBXNativeTarget section */

/* Begin PBXProject section */
		7F64B3DB1941D7DF00CF2BA3 /* Project object */ = {
			isa = PBXProject;
			attributes = {
				CLASSPREFIX = CAN;
				LastUpgradeCheck = 0510;
				ORGANIZATIONNAME = "masafumi yoshida";
				TargetAttributes = {
					7F64B4031941D7DF00CF2BA3 = {
						TestTargetID = 7F64B3E21941D7DF00CF2BA3;
					};
				};
			};
			buildConfigurationList = 7F64B3DE1941D7DF00CF2BA3 /* Build configuration list for PBXProject "Chains" */;
			compatibilityVersion = "Xcode 3.2";
			developmentRegion = English;
			hasScannedForEncodings = 0;
			knownRegions = (
				en,
				Base,
			);
			mainGroup = 7F64B3DA1941D7DF00CF2BA3;
			productRefGroup = 7F64B3E41941D7DF00CF2BA3 /* Products */;
			projectDirPath = "";
			projectRoot = "";
			targets = (
				7F64B3E21941D7DF00CF2BA3 /* Chains */,
				7F64B4031941D7DF00CF2BA3 /* ChainsTests */,
			);
		};
/* End PBXProject section */

/* Begin PBXResourcesBuildPhase section */
		7F64B3E11941D7DF00CF2BA3 /* Resources */ = {
			isa = PBXResourcesBuildPhase;
			buildActionMask = 2147483647;
			files = (
				7F64B3FF1941D7DF00CF2BA3 /* Images.xcassets in Resources */,
				7F64B3F11941D7DF00CF2BA3 /* InfoPlist.strings in Resources */,
				7F64B3FA1941D7DF00CF2BA3 /* Main.storyboard in Resources */,
			);
			runOnlyForDeploymentPostprocessing = 0;
		};
		7F64B4021941D7DF00CF2BA3 /* Resources */ = {
			isa = PBXResourcesBuildPhase;
			buildActionMask = 2147483647;
			files = (
				7F64B4101941D7DF00CF2BA3 /* InfoPlist.strings in Resources */,
			);
			runOnlyForDeploymentPostprocessing = 0;
		};
/* End PBXResourcesBuildPhase section */

/* Begin PBXSourcesBuildPhase section */
		7F64B3DF1941D7DF00CF2BA3 /* Sources */ = {
			isa = PBXSourcesBuildPhase;
			buildActionMask = 2147483647;
			files = (
				7F64B3F31941D7DF00CF2BA3 /* main.m in Sources */,
				7F64B3FD1941D7DF00CF2BA3 /* CANViewController.m in Sources */,
				7F64B3F71941D7DF00CF2BA3 /* CANAppDelegate.m in Sources */,
				7F64B41E1941D80500CF2BA3 /* CANAnimation.m in Sources */,
				7F3484A0194541EE00AA004E /* CANChain.m in Sources */,
			);
			runOnlyForDeploymentPostprocessing = 0;
		};
		7F64B4001941D7DF00CF2BA3 /* Sources */ = {
			isa = PBXSourcesBuildPhase;
			buildActionMask = 2147483647;
			files = (
				7F64B4121941D7DF00CF2BA3 /* ChainsTests.m in Sources */,
			);
			runOnlyForDeploymentPostprocessing = 0;
		};
/* End PBXSourcesBuildPhase section */

/* Begin PBXTargetDependency section */
		7F64B40A1941D7DF00CF2BA3 /* PBXTargetDependency */ = {
			isa = PBXTargetDependency;
			target = 7F64B3E21941D7DF00CF2BA3 /* Chains */;
			targetProxy = 7F64B4091941D7DF00CF2BA3 /* PBXContainerItemProxy */;
		};
/* End PBXTargetDependency section */

/* Begin PBXVariantGroup section */
		7F64B3EF1941D7DF00CF2BA3 /* InfoPlist.strings */ = {
			isa = PBXVariantGroup;
			children = (
				7F64B3F01941D7DF00CF2BA3 /* en */,
			);
			name = InfoPlist.strings;
			sourceTree = "<group>";
		};
		7F64B3F81941D7DF00CF2BA3 /* Main.storyboard */ = {
			isa = PBXVariantGroup;
			children = (
				7F64B3F91941D7DF00CF2BA3 /* Base */,
			);
			name = Main.storyboard;
			sourceTree = "<group>";
		};
		7F64B40E1941D7DF00CF2BA3 /* InfoPlist.strings */ = {
			isa = PBXVariantGroup;
			children = (
				7F64B40F1941D7DF00CF2BA3 /* en */,
			);
			name = InfoPlist.strings;
			sourceTree = "<group>";
		};
/* End PBXVariantGroup section */

/* Begin XCBuildConfiguration section */
		7F64B4131941D7DF00CF2BA3 /* Debug */ = {
			isa = XCBuildConfiguration;
			buildSettings = {
				ALWAYS_SEARCH_USER_PATHS = NO;
				CLANG_CXX_LANGUAGE_STANDARD = "gnu++0x";
				CLANG_CXX_LIBRARY = "libc++";
				CLANG_ENABLE_MODULES = YES;
				CLANG_ENABLE_OBJC_ARC = YES;
				CLANG_WARN_BOOL_CONVERSION = YES;
				CLANG_WARN_CONSTANT_CONVERSION = YES;
				CLANG_WARN_DIRECT_OBJC_ISA_USAGE = YES_ERROR;
				CLANG_WARN_EMPTY_BODY = YES;
				CLANG_WARN_ENUM_CONVERSION = YES;
				CLANG_WARN_INT_CONVERSION = YES;
				CLANG_WARN_OBJC_ROOT_CLASS = YES_ERROR;
				CLANG_WARN__DUPLICATE_METHOD_MATCH = YES;
				"CODE_SIGN_IDENTITY[sdk=iphoneos*]" = "iPhone Developer";
				COPY_PHASE_STRIP = NO;
				GCC_C_LANGUAGE_STANDARD = gnu99;
				GCC_DYNAMIC_NO_PIC = NO;
				GCC_OPTIMIZATION_LEVEL = 0;
				GCC_PREPROCESSOR_DEFINITIONS = (
					"DEBUG=1",
					"$(inherited)",
				);
				GCC_SYMBOLS_PRIVATE_EXTERN = NO;
				GCC_WARN_64_TO_32_BIT_CONVERSION = YES;
				GCC_WARN_ABOUT_RETURN_TYPE = YES_ERROR;
				GCC_WARN_UNDECLARED_SELECTOR = YES;
				GCC_WARN_UNINITIALIZED_AUTOS = YES_AGGRESSIVE;
				GCC_WARN_UNUSED_FUNCTION = YES;
				GCC_WARN_UNUSED_VARIABLE = YES;
				IPHONEOS_DEPLOYMENT_TARGET = 7.1;
				ONLY_ACTIVE_ARCH = YES;
				SDKROOT = iphoneos;
			};
			name = Debug;
		};
		7F64B4141941D7DF00CF2BA3 /* Release */ = {
			isa = XCBuildConfiguration;
			buildSettings = {
				ALWAYS_SEARCH_USER_PATHS = NO;
				CLANG_CXX_LANGUAGE_STANDARD = "gnu++0x";
				CLANG_CXX_LIBRARY = "libc++";
				CLANG_ENABLE_MODULES = YES;
				CLANG_ENABLE_OBJC_ARC = YES;
				CLANG_WARN_BOOL_CONVERSION = YES;
				CLANG_WARN_CONSTANT_CONVERSION = YES;
				CLANG_WARN_DIRECT_OBJC_ISA_USAGE = YES_ERROR;
				CLANG_WARN_EMPTY_BODY = YES;
				CLANG_WARN_ENUM_CONVERSION = YES;
				CLANG_WARN_INT_CONVERSION = YES;
				CLANG_WARN_OBJC_ROOT_CLASS = YES_ERROR;
				CLANG_WARN__DUPLICATE_METHOD_MATCH = YES;
				"CODE_SIGN_IDENTITY[sdk=iphoneos*]" = "iPhone Developer";
				COPY_PHASE_STRIP = YES;
				ENABLE_NS_ASSERTIONS = NO;
				GCC_C_LANGUAGE_STANDARD = gnu99;
				GCC_WARN_64_TO_32_BIT_CONVERSION = YES;
				GCC_WARN_ABOUT_RETURN_TYPE = YES_ERROR;
				GCC_WARN_UNDECLARED_SELECTOR = YES;
				GCC_WARN_UNINITIALIZED_AUTOS = YES_AGGRESSIVE;
				GCC_WARN_UNUSED_FUNCTION = YES;
				GCC_WARN_UNUSED_VARIABLE = YES;
				IPHONEOS_DEPLOYMENT_TARGET = 7.1;
				SDKROOT = iphoneos;
				VALIDATE_PRODUCT = YES;
			};
			name = Release;
		};
		7F64B4161941D7DF00CF2BA3 /* Debug */ = {
			isa = XCBuildConfiguration;
			buildSettings = {
				ASSETCATALOG_COMPILER_APPICON_NAME = AppIcon;
				ASSETCATALOG_COMPILER_LAUNCHIMAGE_NAME = LaunchImage;
				GCC_PRECOMPILE_PREFIX_HEADER = YES;
				GCC_PREFIX_HEADER = "Chains/Chains-Prefix.pch";
				INFOPLIST_FILE = "Chains/Chains-Info.plist";
				PRODUCT_NAME = "$(TARGET_NAME)";
				WRAPPER_EXTENSION = app;
			};
			name = Debug;
		};
		7F64B4171941D7DF00CF2BA3 /* Release */ = {
			isa = XCBuildConfiguration;
			buildSettings = {
				ASSETCATALOG_COMPILER_APPICON_NAME = AppIcon;
				ASSETCATALOG_COMPILER_LAUNCHIMAGE_NAME = LaunchImage;
				GCC_PRECOMPILE_PREFIX_HEADER = YES;
				GCC_PREFIX_HEADER = "Chains/Chains-Prefix.pch";
				INFOPLIST_FILE = "Chains/Chains-Info.plist";
				PRODUCT_NAME = "$(TARGET_NAME)";
				WRAPPER_EXTENSION = app;
			};
			name = Release;
		};
		7F64B4191941D7DF00CF2BA3 /* Debug */ = {
			isa = XCBuildConfiguration;
			buildSettings = {
				BUNDLE_LOADER = "$(BUILT_PRODUCTS_DIR)/Chains.app/Chains";
				FRAMEWORK_SEARCH_PATHS = (
					"$(SDKROOT)/Developer/Library/Frameworks",
					"$(inherited)",
					"$(DEVELOPER_FRAMEWORKS_DIR)",
				);
				GCC_PRECOMPILE_PREFIX_HEADER = YES;
				GCC_PREFIX_HEADER = "Chains/Chains-Prefix.pch";
				GCC_PREPROCESSOR_DEFINITIONS = (
					"DEBUG=1",
					"$(inherited)",
				);
				INFOPLIST_FILE = "ChainsTests/ChainsTests-Info.plist";
				PRODUCT_NAME = "$(TARGET_NAME)";
				TEST_HOST = "$(BUNDLE_LOADER)";
				WRAPPER_EXTENSION = xctest;
			};
			name = Debug;
		};
		7F64B41A1941D7DF00CF2BA3 /* Release */ = {
			isa = XCBuildConfiguration;
			buildSettings = {
				BUNDLE_LOADER = "$(BUILT_PRODUCTS_DIR)/Chains.app/Chains";
				FRAMEWORK_SEARCH_PATHS = (
					"$(SDKROOT)/Developer/Library/Frameworks",
					"$(inherited)",
					"$(DEVELOPER_FRAMEWORKS_DIR)",
				);
				GCC_PRECOMPILE_PREFIX_HEADER = YES;
				GCC_PREFIX_HEADER = "Chains/Chains-Prefix.pch";
				INFOPLIST_FILE = "ChainsTests/ChainsTests-Info.plist";
				PRODUCT_NAME = "$(TARGET_NAME)";
				TEST_HOST = "$(BUNDLE_LOADER)";
				WRAPPER_EXTENSION = xctest;
			};
			name = Release;
		};
/* End XCBuildConfiguration section */

/* Begin XCConfigurationList section */
		7F64B3DE1941D7DF00CF2BA3 /* Build configuration list for PBXProject "Chains" */ = {
			isa = XCConfigurationList;
			buildConfigurations = (
				7F64B4131941D7DF00CF2BA3 /* Debug */,
				7F64B4141941D7DF00CF2BA3 /* Release */,
			);
			defaultConfigurationIsVisible = 0;
			defaultConfigurationName = Release;
		};
		7F64B4151941D7DF00CF2BA3 /* Build configuration list for PBXNativeTarget "Chains" */ = {
			isa = XCConfigurationList;
			buildConfigurations = (
				7F64B4161941D7DF00CF2BA3 /* Debug */,
				7F64B4171941D7DF00CF2BA3 /* Release */,
			);
			defaultConfigurationIsVisible = 0;
			defaultConfigurationName = Release;
		};
		7F64B4181941D7DF00CF2BA3 /* Build configuration list for PBXNativeTarget "ChainsTests" */ = {
			isa = XCConfigurationList;
			buildConfigurations = (
				7F64B4191941D7DF00CF2BA3 /* Debug */,
				7F64B41A1941D7DF00CF2BA3 /* Release */,
			);
			defaultConfigurationIsVisible = 0;
			defaultConfigurationName = Release;
		};
/* End XCConfigurationList section */
	};
	rootObject = 7F64B3DB1941D7DF00CF2BA3 /* Project object */;
}
